
Microsoft Visual Studio Solution File, Format Version 12.00
# Visual Studio Version 16
VisualStudioVersion = 16.0.30621.155
MinimumVisualStudioVersion = 10.0.40219.1
Project("{8BC9CEB8-8B4A-11D0-8D11-00A0C91BC942}") = "Reclaimer_Native", "code\Reclaimer_Native\Kenshi Reclaimer.vcxproj", "{AAEC9E8C-1B59-46E2-8987-10D2F841630E}"
	ProjectSection(ProjectDependencies) = postProject
		{3ED9E75F-3DC4-49AB-8A79-C59447D06ABD} = {3ED9E75F-3DC4-49AB-8A79-C59447D06ABD}
	EndProjectSection
EndProject
Project("{9A19103F-16F7-4668-BE54-9A1E7A4F7556}") = "Reclaimer.Core", "code\Reclaimer.Core\Reclaimer.Core.csproj", "{3ED9E75F-3DC4-49AB-8A79-C59447D06ABD}"
EndProject
Project("{9A19103F-16F7-4668-BE54-9A1E7A4F7556}") = "Reclaimer.Shinobi", "code\Reclaimer.Shinobi\Reclaimer.Shinobi.csproj", "{52BDE1A5-D6A1-4A84-BD36-369F10931066}"
EndProject
Global
	GlobalSection(SolutionConfigurationPlatforms) = preSolution
		Debug|Any CPU = Debug|Any CPU
		Debug|x64 = Debug|x64
		Release|Any CPU = Release|Any CPU
		Release|x64 = Release|x64
	EndGlobalSection
	GlobalSection(ProjectConfigurationPlatforms) = postSolution
		{AAEC9E8C-1B59-46E2-8987-10D2F841630E}.Debug|Any CPU.ActiveCfg = Debug|Win32
		{AAEC9E8C-1B59-46E2-8987-10D2F841630E}.Debug|x64.ActiveCfg = Debug|x64
		{AAEC9E8C-1B59-46E2-8987-10D2F841630E}.Debug|x64.Build.0 = Debug|x64
		{AAEC9E8C-1B59-46E2-8987-10D2F841630E}.Release|Any CPU.ActiveCfg = Release|Win32
		{AAEC9E8C-1B59-46E2-8987-10D2F841630E}.Release|x64.ActiveCfg = Release|x64
		{AAEC9E8C-1B59-46E2-8987-10D2F841630E}.Release|x64.Build.0 = Release|x64
		{3ED9E75F-3DC4-49AB-8A79-C59447D06ABD}.Debug|Any CPU.ActiveCfg = Debug|Any CPU
		{3ED9E75F-3DC4-49AB-8A79-C59447D06ABD}.Debug|Any CPU.Build.0 = Debug|Any CPU
		{3ED9E75F-3DC4-49AB-8A79-C59447D06ABD}.Debug|x64.ActiveCfg = Debug|Any CPU
		{3ED9E75F-3DC4-49AB-8A79-C59447D06ABD}.Debug|x64.Build.0 = Debug|Any CPU
		{3ED9E75F-3DC4-49AB-8A79-C59447D06ABD}.Release|Any CPU.ActiveCfg = Release|Any CPU
		{3ED9E75F-3DC4-49AB-8A79-C59447D06ABD}.Release|Any CPU.Build.0 = Release|Any CPU
		{3ED9E75F-3DC4-49AB-8A79-C59447D06ABD}.Release|x64.ActiveCfg = Release|Any CPU
		{3ED9E75F-3DC4-49AB-8A79-C59447D06ABD}.Release|x64.Build.0 = Release|Any CPU
		{52BDE1A5-D6A1-4A84-BD36-369F10931066}.Debug|Any CPU.ActiveCfg = Debug|Any CPU
		{52BDE1A5-D6A1-4A84-BD36-369F10931066}.Debug|Any CPU.Build.0 = Debug|Any CPU
		{52BDE1A5-D6A1-4A84-BD36-369F10931066}.Debug|x64.ActiveCfg = Debug|Any CPU
		{52BDE1A5-D6A1-4A84-BD36-369F10931066}.Debug|x64.Build.0 = Debug|Any CPU
		{52BDE1A5-D6A1-4A84-BD36-369F10931066}.Release|Any CPU.ActiveCfg = Release|Any CPU
		{52BDE1A5-D6A1-4A84-BD36-369F10931066}.Release|Any CPU.Build.0 = Release|Any CPU
		{52BDE1A5-D6A1-4A84-BD36-369F10931066}.Release|x64.ActiveCfg = Release|Any CPU
		{52BDE1A5-D6A1-4A84-BD36-369F10931066}.Release|x64.Build.0 = Release|Any CPU
	EndGlobalSection
	GlobalSection(SolutionProperties) = preSolution
		HideSolutionNode = FALSE
	EndGlobalSection
	GlobalSection(ExtensibilityGlobals) = postSolution
		SolutionGuid = {66ADBA49-85FB-40DC-8AC3-863BFF122565}
	EndGlobalSection
EndGlobal
